<Solution>
  <Folder Name="/src/">
    <Project Path="src/SimOps.Agent.Core/SimOps.Agent.Core.csproj" />
    <Project Path="src/SimOps.Api/SimOps.Api.csproj" />
    <Project Path="src/SimOps.Application/SimOps.Application.csproj" />
    <Project Path="src/SimOps.Game.Core/SimOps.Game.Core.csproj" />
    <Project Path="src/SimOps.Game.Transport/SimOps.Game.Transport.csproj" />
    <Project Path="src/SimOps.Experiments/SimOps.Experiments.csproj" />
    <Project Path="src/SimOps.Infrastructure/SimOps.Infrastructure.csproj" />
    <Project Path="src/SimOps.Runner/SimOps.Runner.csproj" />
    <Project Path="src/SimOps.Simulation.Cli/SimOps.Simulation.Cli.csproj" />
    <Project Path="src/SimOps.Worker/SimOps.Worker.csproj" />
  </Folder>
  <Folder Name="/tests/">
    <Project Path="tests/SimOps.Client.Specs/SimOps.Client.Specs.csproj" />
    <Project Path="tests/SimOps.Agent.Specs/SimOps.Agent.Specs.csproj" />
    <Project Path="tests/SimOps.Backend.Specs/SimOps.Backend.Specs.csproj" />
    <Project Path="tests/SimOps.Experiment.Specs/SimOps.Experiment.Specs.csproj" />
    <Project Path="tests/SimOps.Game.Core.Specs/SimOps.Game.Core.Specs.csproj" />
  </Folder>
</Solution>
